
Microsoft Visual Studio Solution File, Format Version 12.00
# Visual Studio Version 17
VisualStudioVersion = 17.0.32002.185
MinimumVisualStudioVersion = 10.0.40219.1
Project("{9A19103F-16F7-4668-BE54-9A1E7A4F7556}") = "FoodDelivery", "FoodDelivery.csproj", "{C45947E7-AE31-4F0B-991F-F5B138C7FB62}"
EndProject
Global
	GlobalSection(SolutionConfigurationPlatforms) = preSolution
		Debug|Any CPU = Debug|Any CPU
		Release|Any CPU = Release|Any CPU
	EndGlobalSection
	GlobalSection(ProjectConfigurationPlatforms) = postSolution
		{C45947E7-AE31-4F0B-991F-F5B138C7FB62}.Debug|Any CPU.ActiveCfg = Debug|Any CPU
		{C45947E7-AE31-4F0B-991F-F5B138C7FB62}.Debug|Any CPU.Build.0 = Debug|Any CPU
		{C45947E7-AE31-4F0B-991F-F5B138C7FB62}.Release|Any CPU.ActiveCfg = Release|Any CPU
		{C45947E7-AE31-4F0B-991F-F5B138C7FB62}.Release|Any CPU.Build.0 = Release|Any CPU
	EndGlobalSection
	GlobalSection(SolutionProperties) = preSolution
		HideSolutionNode = FALSE
	EndGlobalSection
	GlobalSection(ExtensibilityGlobals) = postSolution
		SolutionGuid = {AA6A315B-E64F-402E-B202-CA2B16F2F721}
	EndGlobalSection
EndGlobal
